// !$*UTF8*$!
{
	archiveVersion = 1;
	classes = {
	};
	objectVersion = 46;
	objects = {

/* Begin PBXBuildFile section */
		B410A8BE1DC8FEB200FEB7AA /* AppDelegate.swift in Sources */ = {isa = PBXBuildFile; fileRef = B410A8BD1DC8FEB200FEB7AA /* AppDelegate.swift */; };
		B410A8C01DC8FEB200FEB7AA /* LoginVC.swift in Sources */ = {isa = PBXBuildFile; fileRef = B410A8BF1DC8FEB200FEB7AA /* LoginVC.swift */; };
		B410A8C31DC8FEB200FEB7AA /* Main.storyboard in Resources */ = {isa = PBXBuildFile; fileRef = B410A8C11DC8FEB200FEB7AA /* Main.storyboard */; };
		B410A8C51DC8FEB200FEB7AA /* Assets.xcassets in Resources */ = {isa = PBXBuildFile; fileRef = B410A8C41DC8FEB200FEB7AA /* Assets.xcassets */; };
		B410A8C81DC8FEB200FEB7AA /* LaunchScreen.storyboard in Resources */ = {isa = PBXBuildFile; fileRef = B410A8C61DC8FEB200FEB7AA /* LaunchScreen.storyboard */; };
		B410A8D31DC8FEB200FEB7AA /* Coders_Against_HumanityTests.swift in Sources */ = {isa = PBXBuildFile; fileRef = B410A8D21DC8FEB200FEB7AA /* Coders_Against_HumanityTests.swift */; };
		B410A8DE1DC8FEB200FEB7AA /* Coders_Against_HumanityUITests.swift in Sources */ = {isa = PBXBuildFile; fileRef = B410A8DD1DC8FEB200FEB7AA /* Coders_Against_HumanityUITests.swift */; };
		B49840DD1DC93D7200F5E167 /* VoteVC.swift in Sources */ = {isa = PBXBuildFile; fileRef = B49840DC1DC93D7200F5E167 /* VoteVC.swift */; };
		B4E40EE91DC9563B00671DB1 /* WinnerVC.swift in Sources */ = {isa = PBXBuildFile; fileRef = B4E40EE81DC9563B00671DB1 /* WinnerVC.swift */; };
		D8247E0C1DC92C230012B2D5 /* GameVC.swift in Sources */ = {isa = PBXBuildFile; fileRef = D8247E0B1DC92C230012B2D5 /* GameVC.swift */; };
		D88648681DC9295D007EC9B1 /* InstructionVC.swift in Sources */ = {isa = PBXBuildFile; fileRef = D88648671DC9295D007EC9B1 /* InstructionVC.swift */; };
/* End PBXBuildFile section */

/* Begin PBXContainerItemProxy section */
		B410A8CF1DC8FEB200FEB7AA /* PBXContainerItemProxy */ = {
			isa = PBXContainerItemProxy;
			containerPortal = B410A8B21DC8FEB200FEB7AA /* Project object */;
			proxyType = 1;
			remoteGlobalIDString = B410A8B91DC8FEB200FEB7AA;
			remoteInfo = "Coders-Against-Humanity";
		};
		B410A8DA1DC8FEB200FEB7AA /* PBXContainerItemProxy */ = {
			isa = PBXContainerItemProxy;
			containerPortal = B410A8B21DC8FEB200FEB7AA /* Project object */;
			proxyType = 1;
			remoteGlobalIDString = B410A8B91DC8FEB200FEB7AA;
			remoteInfo = "Coders-Against-Humanity";
		};
/* End PBXContainerItemProxy section */

/* Begin PBXFileReference section */
		B410A8BA1DC8FEB200FEB7AA /* Coders-Against-Humanity.app */ = {isa = PBXFileReference; explicitFileType = wrapper.application; includeInIndex = 0; path = "Coders-Against-Humanity.app"; sourceTree = BUILT_PRODUCTS_DIR; };
		B410A8BD1DC8FEB200FEB7AA /* AppDelegate.swift */ = {isa = PBXFileReference; lastKnownFileType = sourcecode.swift; path = AppDelegate.swift; sourceTree = "<group>"; };
		B410A8BF1DC8FEB200FEB7AA /* LoginVC.swift */ = {isa = PBXFileReference; lastKnownFileType = sourcecode.swift; path = LoginVC.swift; sourceTree = "<group>"; };
		B410A8C21DC8FEB200FEB7AA /* Base */ = {isa = PBXFileReference; lastKnownFileType = file.storyboard; name = Base; path = Base.lproj/Main.storyboard; sourceTree = "<group>"; };
		B410A8C41DC8FEB200FEB7AA /* Assets.xcassets */ = {isa = PBXFileReference; lastKnownFileType = folder.assetcatalog; path = Assets.xcassets; sourceTree = "<group>"; };
		B410A8C71DC8FEB200FEB7AA /* Base */ = {isa = PBXFileReference; lastKnownFileType = file.storyboard; name = Base; path = Base.lproj/LaunchScreen.storyboard; sourceTree = "<group>"; };
		B410A8C91DC8FEB200FEB7AA /* Info.plist */ = {isa = PBXFileReference; lastKnownFileType = text.plist.xml; path = Info.plist; sourceTree = "<group>"; };
		B410A8CE1DC8FEB200FEB7AA /* Coders-Against-HumanityTests.xctest */ = {isa = PBXFileReference; explicitFileType = wrapper.cfbundle; includeInIndex = 0; path = "Coders-Against-HumanityTests.xctest"; sourceTree = BUILT_PRODUCTS_DIR; };
		B410A8D21DC8FEB200FEB7AA /* Coders_Against_HumanityTests.swift */ = {isa = PBXFileReference; lastKnownFileType = sourcecode.swift; path = Coders_Against_HumanityTests.swift; sourceTree = "<group>"; };
		B410A8D41DC8FEB200FEB7AA /* Info.plist */ = {isa = PBXFileReference; lastKnownFileType = text.plist.xml; path = Info.plist; sourceTree = "<group>"; };
		B410A8D91DC8FEB200FEB7AA /* Coders-Against-HumanityUITests.xctest */ = {isa = PBXFileReference; explicitFileType = wrapper.cfbundle; includeInIndex = 0; path = "Coders-Against-HumanityUITests.xctest"; sourceTree = BUILT_PRODUCTS_DIR; };
		B410A8DD1DC8FEB200FEB7AA /* Coders_Against_HumanityUITests.swift */ = {isa = PBXFileReference; lastKnownFileType = sourcecode.swift; path = Coders_Against_HumanityUITests.swift; sourceTree = "<group>"; };
		B410A8DF1DC8FEB200FEB7AA /* Info.plist */ = {isa = PBXFileReference; lastKnownFileType = text.plist.xml; path = Info.plist; sourceTree = "<group>"; };
		B49840DC1DC93D7200F5E167 /* VoteVC.swift */ = {isa = PBXFileReference; fileEncoding = 4; lastKnownFileType = sourcecode.swift; path = VoteVC.swift; sourceTree = "<group>"; };
		B4E40EE81DC9563B00671DB1 /* WinnerVC.swift */ = {isa = PBXFileReference; fileEncoding = 4; lastKnownFileType = sourcecode.swift; path = WinnerVC.swift; sourceTree = "<group>"; };
		D8247E0B1DC92C230012B2D5 /* GameVC.swift */ = {isa = PBXFileReference; fileEncoding = 4; lastKnownFileType = sourcecode.swift; path = GameVC.swift; sourceTree = "<group>"; };
		D88648671DC9295D007EC9B1 /* InstructionVC.swift */ = {isa = PBXFileReference; fileEncoding = 4; lastKnownFileType = sourcecode.swift; path = InstructionVC.swift; sourceTree = "<group>"; };
/* End PBXFileReference section */

/* Begin PBXFrameworksBuildPhase section */
		B410A8B71DC8FEB200FEB7AA /* Frameworks */ = {
			isa = PBXFrameworksBuildPhase;
			buildActionMask = 2147483647;
			files = (
			);
			runOnlyForDeploymentPostprocessing = 0;
		};
		B410A8CB1DC8FEB200FEB7AA /* Frameworks */ = {
			isa = PBXFrameworksBuildPhase;
			buildActionMask = 2147483647;
			files = (
			);
			runOnlyForDeploymentPostprocessing = 0;
		};
		B410A8D61DC8FEB200FEB7AA /* Frameworks */ = {
			isa = PBXFrameworksBuildPhase;
			buildActionMask = 2147483647;
			files = (
			);
			runOnlyForDeploymentPostprocessing = 0;
		};
/* End PBXFrameworksBuildPhase section */

/* Begin PBXGroup section */
		B410A8B11DC8FEB200FEB7AA = {
			isa = PBXGroup;
			children = (
				B410A8BC1DC8FEB200FEB7AA /* Coders-Against-Humanity */,
				B410A8D11DC8FEB200FEB7AA /* Coders-Against-HumanityTests */,
				B410A8DC1DC8FEB200FEB7AA /* Coders-Against-HumanityUITests */,
				B410A8BB1DC8FEB200FEB7AA /* Products */,
			);
			sourceTree = "<group>";
		};
		B410A8BB1DC8FEB200FEB7AA /* Products */ = {
			isa = PBXGroup;
			children = (
				B410A8BA1DC8FEB200FEB7AA /* Coders-Against-Humanity.app */,
				B410A8CE1DC8FEB200FEB7AA /* Coders-Against-HumanityTests.xctest */,
				B410A8D91DC8FEB200FEB7AA /* Coders-Against-HumanityUITests.xctest */,
			);
			name = Products;
			sourceTree = "<group>";
		};
		B410A8BC1DC8FEB200FEB7AA /* Coders-Against-Humanity */ = {
			isa = PBXGroup;
			children = (
				B410A8BD1DC8FEB200FEB7AA /* AppDelegate.swift */,
				B49840DC1DC93D7200F5E167 /* VoteVC.swift */,
				D88648671DC9295D007EC9B1 /* InstructionVC.swift */,
				B410A8BF1DC8FEB200FEB7AA /* LoginVC.swift */,
				B410A8C11DC8FEB200FEB7AA /* Main.storyboard */,
				B410A8C41DC8FEB200FEB7AA /* Assets.xcassets */,
				B410A8C61DC8FEB200FEB7AA /* LaunchScreen.storyboard */,
				B410A8C91DC8FEB200FEB7AA /* Info.plist */,
				D8247E0B1DC92C230012B2D5 /* GameVC.swift */,
				B4E40EE81DC9563B00671DB1 /* WinnerVC.swift */,
			);
			path = "Coders-Against-Humanity";
			sourceTree = "<group>";
		};
		B410A8D11DC8FEB200FEB7AA /* Coders-Against-HumanityTests */ = {
			isa = PBXGroup;
			children = (
				B410A8D21DC8FEB200FEB7AA /* Coders_Against_HumanityTests.swift */,
				B410A8D41DC8FEB200FEB7AA /* Info.plist */,
			);
			path = "Coders-Against-HumanityTests";
			sourceTree = "<group>";
		};
		B410A8DC1DC8FEB200FEB7AA /* Coders-Against-HumanityUITests */ = {
			isa = PBXGroup;
			children = (
				B410A8DD1DC8FEB200FEB7AA /* Coders_Against_HumanityUITests.swift */,
				B410A8DF1DC8FEB200FEB7AA /* Info.plist */,
			);
			path = "Coders-Against-HumanityUITests";
			sourceTree = "<group>";
		};
/* End PBXGroup section */

/* Begin PBXNativeTarget section */
		B410A8B91DC8FEB200FEB7AA /* Coders-Against-Humanity */ = {
			isa = PBXNativeTarget;
			buildConfigurationList = B410A8E21DC8FEB200FEB7AA /* Build configuration list for PBXNativeTarget "Coders-Against-Humanity" */;
			buildPhases = (
				B410A8B61DC8FEB200FEB7AA /* Sources */,
				B410A8B71DC8FEB200FEB7AA /* Frameworks */,
				B410A8B81DC8FEB200FEB7AA /* Resources */,
			);
			buildRules = (
			);
			dependencies = (
			);
			name = "Coders-Against-Humanity";
			productName = "Coders-Against-Humanity";
			productReference = B410A8BA1DC8FEB200FEB7AA /* Coders-Against-Humanity.app */;
			productType = "com.apple.product-type.application";
		};
		B410A8CD1DC8FEB200FEB7AA /* Coders-Against-HumanityTests */ = {
			isa = PBXNativeTarget;
			buildConfigurationList = B410A8E51DC8FEB200FEB7AA /* Build configuration list for PBXNativeTarget "Coders-Against-HumanityTests" */;
			buildPhases = (
				B410A8CA1DC8FEB200FEB7AA /* Sources */,
				B410A8CB1DC8FEB200FEB7AA /* Frameworks */,
				B410A8CC1DC8FEB200FEB7AA /* Resources */,
			);
			buildRules = (
			);
			dependencies = (
				B410A8D01DC8FEB200FEB7AA /* PBXTargetDependency */,
			);
			name = "Coders-Against-HumanityTests";
			productName = "Coders-Against-HumanityTests";
			productReference = B410A8CE1DC8FEB200FEB7AA /* Coders-Against-HumanityTests.xctest */;
			productType = "com.apple.product-type.bundle.unit-test";
		};
		B410A8D81DC8FEB200FEB7AA /* Coders-Against-HumanityUITests */ = {
			isa = PBXNativeTarget;
			buildConfigurationList = B410A8E81DC8FEB200FEB7AA /* Build configuration list for PBXNativeTarget "Coders-Against-HumanityUITests" */;
			buildPhases = (
				B410A8D51DC8FEB200FEB7AA /* Sources */,
				B410A8D61DC8FEB200FEB7AA /* Frameworks */,
				B410A8D71DC8FEB200FEB7AA /* Resources */,
			);
			buildRules = (
			);
			dependencies = (
				B410A8DB1DC8FEB200FEB7AA /* PBXTargetDependency */,
			);
			name = "Coders-Against-HumanityUITests";
			productName = "Coders-Against-HumanityUITests";
			productReference = B410A8D91DC8FEB200FEB7AA /* Coders-Against-HumanityUITests.xctest */;
			productType = "com.apple.product-type.bundle.ui-testing";
		};
/* End PBXNativeTarget section */

/* Begin PBXProject section */
		B410A8B21DC8FEB200FEB7AA /* Project object */ = {
			isa = PBXProject;
			attributes = {
				LastSwiftUpdateCheck = 0810;
				LastUpgradeCheck = 0810;
				ORGANIZATIONNAME = Ji;
				TargetAttributes = {
					B410A8B91DC8FEB200FEB7AA = {
						CreatedOnToolsVersion = 8.1;
						ProvisioningStyle = Automatic;
					};
					B410A8CD1DC8FEB200FEB7AA = {
						CreatedOnToolsVersion = 8.1;
						ProvisioningStyle = Automatic;
						TestTargetID = B410A8B91DC8FEB200FEB7AA;
					};
					B410A8D81DC8FEB200FEB7AA = {
						CreatedOnToolsVersion = 8.1;
						ProvisioningStyle = Automatic;
						TestTargetID = B410A8B91DC8FEB200FEB7AA;
					};
				};
			};
			buildConfigurationList = B410A8B51DC8FEB200FEB7AA /* Build configuration list for PBXProject "Coders-Against-Humanity" */;
			compatibilityVersion = "Xcode 3.2";
			developmentRegion = English;
			hasScannedForEncodings = 0;
			knownRegions = (
				en,
				Base,
			);
			mainGroup = B410A8B11DC8FEB200FEB7AA;
			productRefGroup = B410A8BB1DC8FEB200FEB7AA /* Products */;
			projectDirPath = "";
			projectRoot = "";
			targets = (
				B410A8B91DC8FEB200FEB7AA /* Coders-Against-Humanity */,
				B410A8CD1DC8FEB200FEB7AA /* Coders-Against-HumanityTests */,
				B410A8D81DC8FEB200FEB7AA /* Coders-Against-HumanityUITests */,
			);
		};
/* End PBXProject section */

/* Begin PBXResourcesBuildPhase section */
		B410A8B81DC8FEB200FEB7AA /* Resources */ = {
			isa = PBXResourcesBuildPhase;
			buildActionMask = 2147483647;
			files = (
				B410A8C81DC8FEB200FEB7AA /* LaunchScreen.storyboard in Resources */,
				B410A8C51DC8FEB200FEB7AA /* Assets.xcassets in Resources */,
				B410A8C31DC8FEB200FEB7AA /* Main.storyboard in Resources */,
			);
			runOnlyForDeploymentPostprocessing = 0;
		};
		B410A8CC1DC8FEB200FEB7AA /* Resources */ = {
			isa = PBXResourcesBuildPhase;
			buildActionMask = 2147483647;
			files = (
			);
			runOnlyForDeploymentPostprocessing = 0;
		};
		B410A8D71DC8FEB200FEB7AA /* Resources */ = {
			isa = PBXResourcesBuildPhase;
			buildActionMask = 2147483647;
			files = (
			);
			runOnlyForDeploymentPostprocessing = 0;
		};
/* End PBXResourcesBuildPhase section */

/* Begin PBXSourcesBuildPhase section */
		B410A8B61DC8FEB200FEB7AA /* Sources */ = {
			isa = PBXSourcesBuildPhase;
			buildActionMask = 2147483647;
			files = (
				B410A8C01DC8FEB200FEB7AA /* LoginVC.swift in Sources */,
				B49840DD1DC93D7200F5E167 /* VoteVC.swift in Sources */,
				D88648681DC9295D007EC9B1 /* InstructionVC.swift in Sources */,
				D8247E0C1DC92C230012B2D5 /* GameVC.swift in Sources */,
				B410A8BE1DC8FEB200FEB7AA /* AppDelegate.swift in Sources */,
				B4E40EE91DC9563B00671DB1 /* WinnerVC.swift in Sources */,
			);
			runOnlyForDeploymentPostprocessing = 0;
		};
		B410A8CA1DC8FEB200FEB7AA /* Sources */ = {
			isa = PBXSourcesBuildPhase;
			buildActionMask = 2147483647;
			files = (
				B410A8D31DC8FEB200FEB7AA /* Coders_Against_HumanityTests.swift in Sources */,
			);
			runOnlyForDeploymentPostprocessing = 0;
		};
		B410A8D51DC8FEB200FEB7AA /* Sources */ = {
			isa = PBXSourcesBuildPhase;
			buildActionMask = 2147483647;
			files = (
				B410A8DE1DC8FEB200FEB7AA /* Coders_Against_HumanityUITests.swift in Sources */,
			);
			runOnlyForDeploymentPostprocessing = 0;
		};
/* End PBXSourcesBuildPhase section */

/* Begin PBXTargetDependency section */
		B410A8D01DC8FEB200FEB7AA /* PBXTargetDependency */ = {
			isa = PBXTargetDependency;
			target = B410A8B91DC8FEB200FEB7AA /* Coders-Against-Humanity */;
			targetProxy = B410A8CF1DC8FEB200FEB7AA /* PBXContainerItemProxy */;
		};
		B410A8DB1DC8FEB200FEB7AA /* PBXTargetDependency */ = {
			isa = PBXTargetDependency;
			target = B410A8B91DC8FEB200FEB7AA /* Coders-Against-Humanity */;
			targetProxy = B410A8DA1DC8FEB200FEB7AA /* PBXContainerItemProxy */;
		};
/* End PBXTargetDependency section */

/* Begin PBXVariantGroup section */
		B410A8C11DC8FEB200FEB7AA /* Main.storyboard */ = {
			isa = PBXVariantGroup;
			children = (
				B410A8C21DC8FEB200FEB7AA /* Base */,
			);
			name = Main.storyboard;
			sourceTree = "<group>";
		};
		B410A8C61DC8FEB200FEB7AA /* LaunchScreen.storyboard */ = {
			isa = PBXVariantGroup;
			children = (
				B410A8C71DC8FEB200FEB7AA /* Base */,
			);
			name = LaunchScreen.storyboard;
			sourceTree = "<group>";
		};
/* End PBXVariantGroup section */

/* Begin XCBuildConfiguration section */
		B410A8E01DC8FEB200FEB7AA /* Debug */ = {
			isa = XCBuildConfiguration;
			buildSettings = {
				ALWAYS_SEARCH_USER_PATHS = NO;
				CLANG_ANALYZER_NONNULL = YES;
				CLANG_CXX_LANGUAGE_STANDARD = "gnu++0x";
				CLANG_CXX_LIBRARY = "libc++";
				CLANG_ENABLE_MODULES = YES;
				CLANG_ENABLE_OBJC_ARC = YES;
				CLANG_WARN_BOOL_CONVERSION = YES;
				CLANG_WARN_CONSTANT_CONVERSION = YES;
				CLANG_WARN_DIRECT_OBJC_ISA_USAGE = YES_ERROR;
				CLANG_WARN_DOCUMENTATION_COMMENTS = YES;
				CLANG_WARN_EMPTY_BODY = YES;
				CLANG_WARN_ENUM_CONVERSION = YES;
				CLANG_WARN_INFINITE_RECURSION = YES;
				CLANG_WARN_INT_CONVERSION = YES;
				CLANG_WARN_OBJC_ROOT_CLASS = YES_ERROR;
				CLANG_WARN_SUSPICIOUS_MOVES = YES;
				CLANG_WARN_UNREACHABLE_CODE = YES;
				CLANG_WARN__DUPLICATE_METHOD_MATCH = YES;
				"CODE_SIGN_IDENTITY[sdk=iphoneos*]" = "iPhone Developer";
				COPY_PHASE_STRIP = NO;
				DEBUG_INFORMATION_FORMAT = dwarf;
				ENABLE_STRICT_OBJC_MSGSEND = YES;
				ENABLE_TESTABILITY = YES;
				GCC_C_LANGUAGE_STANDARD = gnu99;
				GCC_DYNAMIC_NO_PIC = NO;
				GCC_NO_COMMON_BLOCKS = YES;
				GCC_OPTIMIZATION_LEVEL = 0;
				GCC_PREPROCESSOR_DEFINITIONS = (
					"DEBUG=1",
					"$(inherited)",
				);
				GCC_WARN_64_TO_32_BIT_CONVERSION = YES;
				GCC_WARN_ABOUT_RETURN_TYPE = YES_ERROR;
				GCC_WARN_UNDECLARED_SELECTOR = YES;
				GCC_WARN_UNINITIALIZED_AUTOS = YES_AGGRESSIVE;
				GCC_WARN_UNUSED_FUNCTION = YES;
				GCC_WARN_UNUSED_VARIABLE = YES;
				IPHONEOS_DEPLOYMENT_TARGET = 10.1;
				MTL_ENABLE_DEBUG_INFO = YES;
				ONLY_ACTIVE_ARCH = YES;
				SDKROOT = iphoneos;
				SWIFT_ACTIVE_COMPILATION_CONDITIONS = DEBUG;
				SWIFT_OPTIMIZATION_LEVEL = "-Onone";
				TARGETED_DEVICE_FAMILY = "1,2";
			};
			name = Debug;
		};
		B410A8E11DC8FEB200FEB7AA /* Release */ = {
			isa = XCBuildConfiguration;
			buildSettings = {
				ALWAYS_SEARCH_USER_PATHS = NO;
				CLANG_ANALYZER_NONNULL = YES;
				CLANG_CXX_LANGUAGE_STANDARD = "gnu++0x";
				CLANG_CXX_LIBRARY = "libc++";
				CLANG_ENABLE_MODULES = YES;
				CLANG_ENABLE_OBJC_ARC = YES;
				CLANG_WARN_BOOL_CONVERSION = YES;
				CLANG_WARN_CONSTANT_CONVERSION = YES;
				CLANG_WARN_DIRECT_OBJC_ISA_USAGE = YES_ERROR;
				CLANG_WARN_DOCUMENTATION_COMMENTS = YES;
				CLANG_WARN_EMPTY_BODY = YES;
				CLANG_WARN_ENUM_CONVERSION = YES;
				CLANG_WARN_INFINITE_RECURSION = YES;
				CLANG_WARN_INT_CONVERSION = YES;
				CLANG_WARN_OBJC_ROOT_CLASS = YES_ERROR;
				CLANG_WARN_SUSPICIOUS_MOVES = YES;
				CLANG_WARN_UNREACHABLE_CODE = YES;
				CLANG_WARN__DUPLICATE_METHOD_MATCH = YES;
				"CODE_SIGN_IDENTITY[sdk=iphoneos*]" = "iPhone Developer";
				COPY_PHASE_STRIP = NO;
				DEBUG_INFORMATION_FORMAT = "dwarf-with-dsym";
				ENABLE_NS_ASSERTIONS = NO;
				ENABLE_STRICT_OBJC_MSGSEND = YES;
				GCC_C_LANGUAGE_STANDARD = gnu99;
				GCC_NO_COMMON_BLOCKS = YES;
				GCC_WARN_64_TO_32_BIT_CONVERSION = YES;
				GCC_WARN_ABOUT_RETURN_TYPE = YES_ERROR;
				GCC_WARN_UNDECLARED_SELECTOR = YES;
				GCC_WARN_UNINITIALIZED_AUTOS = YES_AGGRESSIVE;
				GCC_WARN_UNUSED_FUNCTION = YES;
				GCC_WARN_UNUSED_VARIABLE = YES;
				IPHONEOS_DEPLOYMENT_TARGET = 10.1;
				MTL_ENABLE_DEBUG_INFO = NO;
				SDKROOT = iphoneos;
				SWIFT_OPTIMIZATION_LEVEL = "-Owholemodule";
				TARGETED_DEVICE_FAMILY = "1,2";
				VALIDATE_PRODUCT = YES;
			};
			name = Release;
		};
		B410A8E31DC8FEB200FEB7AA /* Debug */ = {
			isa = XCBuildConfiguration;
			buildSettings = {
				ASSETCATALOG_COMPILER_APPICON_NAME = AppIcon;
				INFOPLIST_FILE = "Coders-Against-Humanity/Info.plist";
				LD_RUNPATH_SEARCH_PATHS = "$(inherited) @executable_path/Frameworks";
				PRODUCT_BUNDLE_IDENTIFIER = "com.Ji.Coders-Against-Humanity";
				PRODUCT_NAME = "$(TARGET_NAME)";
				SWIFT_VERSION = 3.0;
			};
			name = Debug;
		};
		B410A8E41DC8FEB200FEB7AA /* Release */ = {
			isa = XCBuildConfiguration;
			buildSettings = {
				ASSETCATALOG_COMPILER_APPICON_NAME = AppIcon;
				INFOPLIST_FILE = "Coders-Against-Humanity/Info.plist";
				LD_RUNPATH_SEARCH_PATHS = "$(inherited) @executable_path/Frameworks";
				PRODUCT_BUNDLE_IDENTIFIER = "com.Ji.Coders-Against-Humanity";
				PRODUCT_NAME = "$(TARGET_NAME)";
				SWIFT_VERSION = 3.0;
			};
			name = Release;
		};
		B410A8E61DC8FEB200FEB7AA /* Debug */ = {
			isa = XCBuildConfiguration;
			buildSettings = {
				ALWAYS_EMBED_SWIFT_STANDARD_LIBRARIES = YES;
				BUNDLE_LOADER = "$(TEST_HOST)";
				INFOPLIST_FILE = "Coders-Against-HumanityTests/Info.plist";
				LD_RUNPATH_SEARCH_PATHS = "$(inherited) @executable_path/Frameworks @loader_path/Frameworks";
				PRODUCT_BUNDLE_IDENTIFIER = "com.Ji.Coders-Against-HumanityTests";
				PRODUCT_NAME = "$(TARGET_NAME)";
				SWIFT_VERSION = 3.0;
				TEST_HOST = "$(BUILT_PRODUCTS_DIR)/Coders-Against-Humanity.app/Coders-Against-Humanity";
			};
			name = Debug;
		};
		B410A8E71DC8FEB200FEB7AA /* Release */ = {
			isa = XCBuildConfiguration;
			buildSettings = {
				ALWAYS_EMBED_SWIFT_STANDARD_LIBRARIES = YES;
				BUNDLE_LOADER = "$(TEST_HOST)";
				INFOPLIST_FILE = "Coders-Against-HumanityTests/Info.plist";
				LD_RUNPATH_SEARCH_PATHS = "$(inherited) @executable_path/Frameworks @loader_path/Frameworks";
				PRODUCT_BUNDLE_IDENTIFIER = "com.Ji.Coders-Against-HumanityTests";
				PRODUCT_NAME = "$(TARGET_NAME)";
				SWIFT_VERSION = 3.0;
				TEST_HOST = "$(BUILT_PRODUCTS_DIR)/Coders-Against-Humanity.app/Coders-Against-Humanity";
			};
			name = Release;
		};
		B410A8E91DC8FEB200FEB7AA /* Debug */ = {
			isa = XCBuildConfiguration;
			buildSettings = {
				ALWAYS_EMBED_SWIFT_STANDARD_LIBRARIES = YES;
				INFOPLIST_FILE = "Coders-Against-HumanityUITests/Info.plist";
				LD_RUNPATH_SEARCH_PATHS = "$(inherited) @executable_path/Frameworks @loader_path/Frameworks";
				PRODUCT_BUNDLE_IDENTIFIER = "com.Ji.Coders-Against-HumanityUITests";
				PRODUCT_NAME = "$(TARGET_NAME)";
				SWIFT_VERSION = 3.0;
				TEST_TARGET_NAME = "Coders-Against-Humanity";
			};
			name = Debug;
		};
		B410A8EA1DC8FEB200FEB7AA /* Release */ = {
			isa = XCBuildConfiguration;
			buildSettings = {
				ALWAYS_EMBED_SWIFT_STANDARD_LIBRARIES = YES;
				INFOPLIST_FILE = "Coders-Against-HumanityUITests/Info.plist";
				LD_RUNPATH_SEARCH_PATHS = "$(inherited) @executable_path/Frameworks @loader_path/Frameworks";
				PRODUCT_BUNDLE_IDENTIFIER = "com.Ji.Coders-Against-HumanityUITests";
				PRODUCT_NAME = "$(TARGET_NAME)";
				SWIFT_VERSION = 3.0;
				TEST_TARGET_NAME = "Coders-Against-Humanity";
			};
			name = Release;
		};
/* End XCBuildConfiguration section */

/* Begin XCConfigurationList section */
		B410A8B51DC8FEB200FEB7AA /* Build configuration list for PBXProject "Coders-Against-Humanity" */ = {
			isa = XCConfigurationList;
			buildConfigurations = (
				B410A8E01DC8FEB200FEB7AA /* Debug */,
				B410A8E11DC8FEB200FEB7AA /* Release */,
			);
			defaultConfigurationIsVisible = 0;
			defaultConfigurationName = Release;
		};
		B410A8E21DC8FEB200FEB7AA /* Build configuration list for PBXNativeTarget "Coders-Against-Humanity" */ = {
			isa = XCConfigurationList;
			buildConfigurations = (
				B410A8E31DC8FEB200FEB7AA /* Debug */,
				B410A8E41DC8FEB200FEB7AA /* Release */,
			);
			defaultConfigurationIsVisible = 0;
			defaultConfigurationName = Release;
		};
		B410A8E51DC8FEB200FEB7AA /* Build configuration list for PBXNativeTarget "Coders-Against-HumanityTests" */ = {
			isa = XCConfigurationList;
			buildConfigurations = (
				B410A8E61DC8FEB200FEB7AA /* Debug */,
				B410A8E71DC8FEB200FEB7AA /* Release */,
			);
			defaultConfigurationIsVisible = 0;
			defaultConfigurationName = Release;
		};
		B410A8E81DC8FEB200FEB7AA /* Build configuration list for PBXNativeTarget "Coders-Against-HumanityUITests" */ = {
			isa = XCConfigurationList;
			buildConfigurations = (
				B410A8E91DC8FEB200FEB7AA /* Debug */,
				B410A8EA1DC8FEB200FEB7AA /* Release */,
			);
			defaultConfigurationIsVisible = 0;
			defaultConfigurationName = Release;
		};
/* End XCConfigurationList section */
	};
	rootObject = B410A8B21DC8FEB200FEB7AA /* Project object */;
}
